
Microsoft Visual Studio Solution File, Format Version 12.00
# Visual Studio Version 17
VisualStudioVersion = 17.10.35013.160
MinimumVisualStudioVersion = 10.0.40219.1
Project("{9A19103F-16F7-4668-BE54-9A1E7A4F7556}") = "AreasLib", "AreasLib\AreasLib.csproj", "{52280223-2F0B-4025-BA7B-650EE0C8A04D}"
EndProject
Project("{FAE04EC0-301F-11D3-BF4B-00C04F79EFBC}") = "AreasLib.UnitTests", "AreasLib.UnitTests\AreasLib.UnitTests.csproj", "{954BBC02-976C-4C61-A312-18A575A361CC}"
EndProject
Global
	GlobalSection(SolutionConfigurationPlatforms) = preSolution
		Debug|Any CPU = Debug|Any CPU
		Release|Any CPU = Release|Any CPU
	EndGlobalSection
	GlobalSection(ProjectConfigurationPlatforms) = postSolution
		{52280223-2F0B-4025-BA7B-650EE0C8A04D}.Debug|Any CPU.ActiveCfg = Debug|Any CPU
		{52280223-2F0B-4025-BA7B-650EE0C8A04D}.Debug|Any CPU.Build.0 = Debug|Any CPU
		{52280223-2F0B-4025-BA7B-650EE0C8A04D}.Release|Any CPU.ActiveCfg = Release|Any CPU
		{52280223-2F0B-4025-BA7B-650EE0C8A04D}.Release|Any CPU.Build.0 = Release|Any CPU
		{954BBC02-976C-4C61-A312-18A575A361CC}.Debug|Any CPU.ActiveCfg = Debug|Any CPU
		{954BBC02-976C-4C61-A312-18A575A361CC}.Debug|Any CPU.Build.0 = Debug|Any CPU
		{954BBC02-976C-4C61-A312-18A575A361CC}.Release|Any CPU.ActiveCfg = Release|Any CPU
		{954BBC02-976C-4C61-A312-18A575A361CC}.Release|Any CPU.Build.0 = Release|Any CPU
	EndGlobalSection
	GlobalSection(SolutionProperties) = preSolution
		HideSolutionNode = FALSE
	EndGlobalSection
	GlobalSection(ExtensibilityGlobals) = postSolution
		SolutionGuid = {61B8DE16-008E-4AF4-8E41-11933AF69E56}
	EndGlobalSection
EndGlobal
